
Microsoft Visual Studio Solution File, Format Version 12.00
# Visual Studio Version 17
VisualStudioVersion = 17.5.002.0
MinimumVisualStudioVersion = 10.0.40219.1
Project("{9A19103F-16F7-4668-BE54-9A1E7A4F7556}") = "GiulianaFlores", "GiulianaFlores.csproj", "{6219D8BA-7DC1-43AB-98DC-69FB1DF04688}"
EndProject
Global
	GlobalSection(SolutionConfigurationPlatforms) = preSolution
		Debug|Any CPU = Debug|Any CPU
		Release|Any CPU = Release|Any CPU
	EndGlobalSection
	GlobalSection(ProjectConfigurationPlatforms) = postSolution
		{6219D8BA-7DC1-43AB-98DC-69FB1DF04688}.Debug|Any CPU.ActiveCfg = Debug|Any CPU
		{6219D8BA-7DC1-43AB-98DC-69FB1DF04688}.Debug|Any CPU.Build.0 = Debug|Any CPU
		{6219D8BA-7DC1-43AB-98DC-69FB1DF04688}.Release|Any CPU.ActiveCfg = Release|Any CPU
		{6219D8BA-7DC1-43AB-98DC-69FB1DF04688}.Release|Any CPU.Build.0 = Release|Any CPU
	EndGlobalSection
	GlobalSection(SolutionProperties) = preSolution
		HideSolutionNode = FALSE
	EndGlobalSection
	GlobalSection(ExtensibilityGlobals) = postSolution
		SolutionGuid = {30BCE12C-67D0-418C-9CD2-C6D91DB51014}
	EndGlobalSection
EndGlobal
